{
  "name": "mighty-architect",
  "version": "1.1.0",
  "lockfileVersion": 3,
  "requires": true,
  "packages": {
    "": {
      "name": "mighty-architect",
      "version": "1.1.0",
      "license": "Apache-2.0",
      "bin": {
        "create-mighty-architect": "bin/install.js"
      },
      "devDependencies": {},
      "engines": {
        "node": ">=14.0.0"
      }
    }
  }
}
